
Microsoft Visual Studio Solution File, Format Version 12.00
# Visual Studio Version 17
VisualStudioVersion = 17.11.35303.130
MinimumVisualStudioVersion = 10.0.40219.1
Project("{FAE04EC0-301F-11D3-BF4B-00C04F79EFBC}") = "calc", "calc.csproj", "{ADE47E93-9060-480B-BDFB-056D8EAFD443}"
EndProject
Global
	GlobalSection(SolutionConfigurationPlatforms) = preSolution
		Debug|Any CPU = Debug|Any CPU
		Release|Any CPU = Release|Any CPU
	EndGlobalSection
	GlobalSection(ProjectConfigurationPlatforms) = postSolution
		{ADE47E93-9060-480B-BDFB-056D8EAFD443}.Debug|Any CPU.ActiveCfg = Debug|Any CPU
		{ADE47E93-9060-480B-BDFB-056D8EAFD443}.Debug|Any CPU.Build.0 = Debug|Any CPU
		{ADE47E93-9060-480B-BDFB-056D8EAFD443}.Release|Any CPU.ActiveCfg = Release|Any CPU
		{ADE47E93-9060-480B-BDFB-056D8EAFD443}.Release|Any CPU.Build.0 = Release|Any CPU
	EndGlobalSection
	GlobalSection(SolutionProperties) = preSolution
		HideSolutionNode = FALSE
	EndGlobalSection
	GlobalSection(ExtensibilityGlobals) = postSolution
		SolutionGuid = {6537C7AA-BB77-4B5F-9A67-1C2C793B95D1}
	EndGlobalSection
EndGlobal
