using System;

class Calculator
{
    private static double memory = 0;

    static void Main(string[] args)
    {
        while (true)
        {
            Console.WriteLine("\nКалькулятор с памятью и дополнительными функциями:");
            Console.WriteLine("1. Обычная операция");
            Console.WriteLine("2. M+ (Добавить к памяти)");
            Console.WriteLine("3. M- (Вычитать из памяти)");
            Console.WriteLine("4. MR (Показать память)");
            Console.WriteLine("5. Выход");

            Console.Write("Выберите операцию: ");
            string choice = Console.ReadLine();

            switch (choice)
            {
                case "1":
                    PerformCalculation();
                    break;
                case "2":
                    AddToMemory();
                    break;
                case "3":
                    SubtractFromMemory();
                    break;
                case "4":
                    ShowMemory();
                    break;
                case "5":
                    return;
                default:
                    Console.WriteLine("Неверный выбор. Пожалуйста, попробуйте снова.");
                    break;
            }
        }
    }

    private static void PerformCalculation()
    {
        Console.WriteLine("\nВведите первое число:");
        double num1 = Convert.ToDouble(Console.ReadLine());

        Console.WriteLine("Введите оператор (+, -, *, /, %, sqrt, ^):");
        string operation = Console.ReadLine();

        double result;

        if (operation == "sqrt")
        {
            result = Math.Sqrt(num1);
            Console.WriteLine($"Квадратный корень из {num1}: {result}");
            return;
        }

        if (operation == "^")
        {
            Console.WriteLine("Введите степень:");
            double power = Convert.ToDouble(Console.ReadLine());
            result = Math.Pow(num1, power);
            Console.WriteLine($"{num1} в степени {power}: {result}");
            return;
        }

        Console.WriteLine("Введите второе число:");
        double num2 = Convert.ToDouble(Console.ReadLine());

        switch (operation)
        {
            case "+":
                result = num1 + num2;
                break;
            case "-":
                result = num1 - num2;
                break;
            case "*":
                result = num1 * num2;
                break;
            case "/":
                if (num2 != 0)
                {
                    result = num1 / num2;
                }
                else
                {
                    Console.WriteLine("Ошибка: Деление на ноль.");
                    return;
                }
                break;
            case "%":
                result = (num1 * num2) / 100;
                Console.WriteLine($"Процент {num1} от {num2}: {result}");
                return;
            default:
                Console.WriteLine("Неверный оператор.");
                return;
        }

        Console.WriteLine($"Результат: {result}");
    }

    private static void AddToMemory()
    {
        Console.WriteLine("Введите число для добавления к памяти:");
        double value = Convert.ToDouble(Console.ReadLine());
        memory += value;
        Console.WriteLine($"Текущая память: {memory}");
    }

    private static void SubtractFromMemory()
    {
        Console.WriteLine("Введите число для вычитания из памяти:");
        double value = Convert.ToDouble(Console.ReadLine());
        memory -= value;
        Console.WriteLine($"Текущая память: {memory}");
    }

    private static void ShowMemory()
    {
        Console.WriteLine($"Содержимое памяти: {memory}");
    }
}
